
Microsoft Visual Studio Solution File, Format Version 12.00
# Visual Studio Version 16
VisualStudioVersion = 16.0.33920.266
MinimumVisualStudioVersion = 10.0.40219.1
Project("{FAE04EC0-301F-11D3-BF4B-00C04F79EFBC}") = "ReminderApp", "ReminderApp\ReminderApp.csproj", "{FAD770BF-D5AF-4202-A5B4-297D642DFA7E}"
EndProject
Global
	GlobalSection(SolutionConfigurationPlatforms) = preSolution
		Debug|Any CPU = Debug|Any CPU
		Release|Any CPU = Release|Any CPU
	EndGlobalSection
	GlobalSection(ProjectConfigurationPlatforms) = postSolution
		{FAD770BF-D5AF-4202-A5B4-297D642DFA7E}.Debug|Any CPU.ActiveCfg = Debug|Any CPU
		{FAD770BF-D5AF-4202-A5B4-297D642DFA7E}.Debug|Any CPU.Build.0 = Debug|Any CPU
		{FAD770BF-D5AF-4202-A5B4-297D642DFA7E}.Release|Any CPU.ActiveCfg = Release|Any CPU
		{FAD770BF-D5AF-4202-A5B4-297D642DFA7E}.Release|Any CPU.Build.0 = Release|Any CPU
	EndGlobalSection
	GlobalSection(SolutionProperties) = preSolution
		HideSolutionNode = FALSE
	EndGlobalSection
	GlobalSection(ExtensibilityGlobals) = postSolution
		SolutionGuid = {D9368D8F-9EC0-4E29-BBE6-006C60D7F400}
	EndGlobalSection
EndGlobal
